// !$*UTF8*$!
{
	archiveVersion = 1;
	classes = {
	};
	objectVersion = 50;
	objects = {

/* Begin PBXBuildFile section */
		2956A9B68C6014CE5196D060 /* Pods_PastelColorPalette.framework in Frameworks */ = {isa = PBXBuildFile; fileRef = 8D6EA1211F7156CFD3C6572E /* Pods_PastelColorPalette.framework */; };
		FD46F3ED21FB2597001C301E /* PastelColorPalette.h in Headers */ = {isa = PBXBuildFile; fileRef = FD46F3EB21FB2597001C301E /* PastelColorPalette.h */; settings = {ATTRIBUTES = (Public, ); }; };
		FD46F41E21FEEEFB001C301E /* PastelColorPaletteViewController.swift in Sources */ = {isa = PBXBuildFile; fileRef = FD46F41D21FEEEFB001C301E /* PastelColorPaletteViewController.swift */; };
		FD46F42021FEF077001C301E /* PastelColorPaletteView.swift in Sources */ = {isa = PBXBuildFile; fileRef = FD46F41F21FEF077001C301E /* PastelColorPaletteView.swift */; };
		FD46F424220039AF001C301E /* UIColorHex.swift in Sources */ = {isa = PBXBuildFile; fileRef = FD46F423220039AF001C301E /* UIColorHex.swift */; };
		FD87C69122033D5600FA112A /* UIKit.framework in Frameworks */ = {isa = PBXBuildFile; fileRef = FD87C69022033D5600FA112A /* UIKit.framework */; settings = {ATTRIBUTES = (Required, ); }; };
/* End PBXBuildFile section */

/* Begin PBXFileReference section */
		6858A1EFAC6A2E42312406F3 /* Pods-PastelColorPalette.release.xcconfig */ = {isa = PBXFileReference; includeInIndex = 1; lastKnownFileType = text.xcconfig; name = "Pods-PastelColorPalette.release.xcconfig"; path = "Pods/Target Support Files/Pods-PastelColorPalette/Pods-PastelColorPalette.release.xcconfig"; sourceTree = "<group>"; };
		8D6EA1211F7156CFD3C6572E /* Pods_PastelColorPalette.framework */ = {isa = PBXFileReference; explicitFileType = wrapper.framework; includeInIndex = 0; path = Pods_PastelColorPalette.framework; sourceTree = BUILT_PRODUCTS_DIR; };
		B06282DF765149DE94B4B827 /* Pods-PastelColorPalette.debug.xcconfig */ = {isa = PBXFileReference; includeInIndex = 1; lastKnownFileType = text.xcconfig; name = "Pods-PastelColorPalette.debug.xcconfig"; path = "Pods/Target Support Files/Pods-PastelColorPalette/Pods-PastelColorPalette.debug.xcconfig"; sourceTree = "<group>"; };
		FD46F3E821FB2597001C301E /* PastelColorPalette.framework */ = {isa = PBXFileReference; explicitFileType = wrapper.framework; includeInIndex = 0; path = PastelColorPalette.framework; sourceTree = BUILT_PRODUCTS_DIR; };
		FD46F3EB21FB2597001C301E /* PastelColorPalette.h */ = {isa = PBXFileReference; lastKnownFileType = sourcecode.c.h; path = PastelColorPalette.h; sourceTree = "<group>"; };
		FD46F3EC21FB2597001C301E /* Info.plist */ = {isa = PBXFileReference; lastKnownFileType = text.plist.xml; path = Info.plist; sourceTree = "<group>"; };
		FD46F41D21FEEEFB001C301E /* PastelColorPaletteViewController.swift */ = {isa = PBXFileReference; lastKnownFileType = sourcecode.swift; path = PastelColorPaletteViewController.swift; sourceTree = "<group>"; };
		FD46F41F21FEF077001C301E /* PastelColorPaletteView.swift */ = {isa = PBXFileReference; lastKnownFileType = sourcecode.swift; path = PastelColorPaletteView.swift; sourceTree = "<group>"; };
		FD46F423220039AF001C301E /* UIColorHex.swift */ = {isa = PBXFileReference; lastKnownFileType = sourcecode.swift; path = UIColorHex.swift; sourceTree = "<group>"; };
		FD87C69022033D5600FA112A /* UIKit.framework */ = {isa = PBXFileReference; lastKnownFileType = wrapper.framework; name = UIKit.framework; path = System/Library/Frameworks/UIKit.framework; sourceTree = SDKROOT; };
/* End PBXFileReference section */

/* Begin PBXFrameworksBuildPhase section */
		FD46F3E521FB2597001C301E /* Frameworks */ = {
			isa = PBXFrameworksBuildPhase;
			buildActionMask = 2147483647;
			files = (
				FD87C69122033D5600FA112A /* UIKit.framework in Frameworks */,
				2956A9B68C6014CE5196D060 /* Pods_PastelColorPalette.framework in Frameworks */,
			);
			runOnlyForDeploymentPostprocessing = 0;
		};
/* End PBXFrameworksBuildPhase section */

/* Begin PBXGroup section */
		F8EF4C667938E6978942E17D /* Pods */ = {
			isa = PBXGroup;
			children = (
				B06282DF765149DE94B4B827 /* Pods-PastelColorPalette.debug.xcconfig */,
				6858A1EFAC6A2E42312406F3 /* Pods-PastelColorPalette.release.xcconfig */,
			);
			name = Pods;
			sourceTree = "<group>";
		};
		FD46F3DE21FB2597001C301E = {
			isa = PBXGroup;
			children = (
				FD46F3EA21FB2597001C301E /* PastelColorPalette */,
				FD46F3E921FB2597001C301E /* Products */,
				FD87C68F22033D5600FA112A /* Frameworks */,
				F8EF4C667938E6978942E17D /* Pods */,
			);
			sourceTree = "<group>";
		};
		FD46F3E921FB2597001C301E /* Products */ = {
			isa = PBXGroup;
			children = (
				FD46F3E821FB2597001C301E /* PastelColorPalette.framework */,
			);
			name = Products;
			sourceTree = "<group>";
		};
		FD46F3EA21FB2597001C301E /* PastelColorPalette */ = {
			isa = PBXGroup;
			children = (
				FD46F41D21FEEEFB001C301E /* PastelColorPaletteViewController.swift */,
				FD46F41F21FEF077001C301E /* PastelColorPaletteView.swift */,
				FD46F423220039AF001C301E /* UIColorHex.swift */,
				FD46F3EB21FB2597001C301E /* PastelColorPalette.h */,
				FD46F3EC21FB2597001C301E /* Info.plist */,
			);
			path = PastelColorPalette;
			sourceTree = "<group>";
		};
		FD87C68F22033D5600FA112A /* Frameworks */ = {
			isa = PBXGroup;
			children = (
				FD87C69022033D5600FA112A /* UIKit.framework */,
				8D6EA1211F7156CFD3C6572E /* Pods_PastelColorPalette.framework */,
			);
			name = Frameworks;
			sourceTree = "<group>";
		};
/* End PBXGroup section */

/* Begin PBXHeadersBuildPhase section */
		FD46F3E321FB2597001C301E /* Headers */ = {
			isa = PBXHeadersBuildPhase;
			buildActionMask = 2147483647;
			files = (
				FD46F3ED21FB2597001C301E /* PastelColorPalette.h in Headers */,
			);
			runOnlyForDeploymentPostprocessing = 0;
		};
/* End PBXHeadersBuildPhase section */

/* Begin PBXNativeTarget section */
		FD46F3E721FB2597001C301E /* PastelColorPalette */ = {
			isa = PBXNativeTarget;
			buildConfigurationList = FD46F3F021FB2597001C301E /* Build configuration list for PBXNativeTarget "PastelColorPalette" */;
			buildPhases = (
				A0D932B4BE4514874ED0BCE9 /* [CP] Check Pods Manifest.lock */,
				FD46F3E321FB2597001C301E /* Headers */,
				FD46F3E421FB2597001C301E /* Sources */,
				FD46F3E521FB2597001C301E /* Frameworks */,
				FD46F3E621FB2597001C301E /* Resources */,
			);
			buildRules = (
			);
			dependencies = (
			);
			name = PastelColorPalette;
			productName = PastelColorPalette;
			productReference = FD46F3E821FB2597001C301E /* PastelColorPalette.framework */;
			productType = "com.apple.product-type.framework";
		};
/* End PBXNativeTarget section */

/* Begin PBXProject section */
		FD46F3DF21FB2597001C301E /* Project object */ = {
			isa = PBXProject;
			attributes = {
				LastSwiftUpdateCheck = 1010;
				LastUpgradeCheck = 1010;
				ORGANIZATIONNAME = cyan;
				TargetAttributes = {
					FD46F3E721FB2597001C301E = {
						CreatedOnToolsVersion = 10.1;
						LastSwiftMigration = 1010;
					};
				};
			};
			buildConfigurationList = FD46F3E221FB2597001C301E /* Build configuration list for PBXProject "PastelColorPalette" */;
			compatibilityVersion = "Xcode 9.3";
			developmentRegion = en;
			hasScannedForEncodings = 0;
			knownRegions = (
				en,
				Base,
			);
			mainGroup = FD46F3DE21FB2597001C301E;
			productRefGroup = FD46F3E921FB2597001C301E /* Products */;
			projectDirPath = "";
			projectRoot = "";
			targets = (
				FD46F3E721FB2597001C301E /* PastelColorPalette */,
			);
		};
/* End PBXProject section */

/* Begin PBXResourcesBuildPhase section */
		FD46F3E621FB2597001C301E /* Resources */ = {
			isa = PBXResourcesBuildPhase;
			buildActionMask = 2147483647;
			files = (
			);
			runOnlyForDeploymentPostprocessing = 0;
		};
/* End PBXResourcesBuildPhase section */

/* Begin PBXShellScriptBuildPhase section */
		A0D932B4BE4514874ED0BCE9 /* [CP] Check Pods Manifest.lock */ = {
			isa = PBXShellScriptBuildPhase;
			buildActionMask = 2147483647;
			files = (
			);
			inputFileListPaths = (
			);
			inputPaths = (
				"${PODS_PODFILE_DIR_PATH}/Podfile.lock",
				"${PODS_ROOT}/Manifest.lock",
			);
			name = "[CP] Check Pods Manifest.lock";
			outputFileListPaths = (
			);
			outputPaths = (
				"$(DERIVED_FILE_DIR)/Pods-PastelColorPalette-checkManifestLockResult.txt",
			);
			runOnlyForDeploymentPostprocessing = 0;
			shellPath = /bin/sh;
			shellScript = "diff \"${PODS_PODFILE_DIR_PATH}/Podfile.lock\" \"${PODS_ROOT}/Manifest.lock\" > /dev/null\nif [ $? != 0 ] ; then\n    # print error to STDERR\n    echo \"error: The sandbox is not in sync with the Podfile.lock. Run 'pod install' or update your CocoaPods installation.\" >&2\n    exit 1\nfi\n# This output is used by Xcode 'outputs' to avoid re-running this script phase.\necho \"SUCCESS\" > \"${SCRIPT_OUTPUT_FILE_0}\"\n";
			showEnvVarsInLog = 0;
		};
/* End PBXShellScriptBuildPhase section */

/* Begin PBXSourcesBuildPhase section */
		FD46F3E421FB2597001C301E /* Sources */ = {
			isa = PBXSourcesBuildPhase;
			buildActionMask = 2147483647;
			files = (
				FD46F41E21FEEEFB001C301E /* PastelColorPaletteViewController.swift in Sources */,
				FD46F424220039AF001C301E /* UIColorHex.swift in Sources */,
				FD46F42021FEF077001C301E /* PastelColorPaletteView.swift in Sources */,
			);
			runOnlyForDeploymentPostprocessing = 0;
		};
/* End PBXSourcesBuildPhase section */

/* Begin XCBuildConfiguration section */
		FD46F3EE21FB2597001C301E /* Debug */ = {
			isa = XCBuildConfiguration;
			buildSettings = {
				ALWAYS_SEARCH_USER_PATHS = NO;
				CLANG_ANALYZER_NONNULL = YES;
				CLANG_ANALYZER_NUMBER_OBJECT_CONVERSION = YES_AGGRESSIVE;
				CLANG_CXX_LANGUAGE_STANDARD = "gnu++14";
				CLANG_CXX_LIBRARY = "libc++";
				CLANG_ENABLE_MODULES = YES;
				CLANG_ENABLE_OBJC_ARC = YES;
				CLANG_ENABLE_OBJC_WEAK = YES;
				CLANG_WARN_BLOCK_CAPTURE_AUTORELEASING = YES;
				CLANG_WARN_BOOL_CONVERSION = YES;
				CLANG_WARN_COMMA = YES;
				CLANG_WARN_CONSTANT_CONVERSION = YES;
				CLANG_WARN_DEPRECATED_OBJC_IMPLEMENTATIONS = YES;
				CLANG_WARN_DIRECT_OBJC_ISA_USAGE = YES_ERROR;
				CLANG_WARN_DOCUMENTATION_COMMENTS = YES;
				CLANG_WARN_EMPTY_BODY = YES;
				CLANG_WARN_ENUM_CONVERSION = YES;
				CLANG_WARN_INFINITE_RECURSION = YES;
				CLANG_WARN_INT_CONVERSION = YES;
				CLANG_WARN_NON_LITERAL_NULL_CONVERSION = YES;
				CLANG_WARN_OBJC_IMPLICIT_RETAIN_SELF = YES;
				CLANG_WARN_OBJC_LITERAL_CONVERSION = YES;
				CLANG_WARN_OBJC_ROOT_CLASS = YES_ERROR;
				CLANG_WARN_RANGE_LOOP_ANALYSIS = YES;
				CLANG_WARN_STRICT_PROTOTYPES = YES;
				CLANG_WARN_SUSPICIOUS_MOVE = YES;
				CLANG_WARN_UNGUARDED_AVAILABILITY = YES_AGGRESSIVE;
				CLANG_WARN_UNREACHABLE_CODE = YES;
				CLANG_WARN__DUPLICATE_METHOD_MATCH = YES;
				CODE_SIGN_IDENTITY = "iPhone Developer";
				COPY_PHASE_STRIP = NO;
				CURRENT_PROJECT_VERSION = 1;
				DEBUG_INFORMATION_FORMAT = dwarf;
				ENABLE_STRICT_OBJC_MSGSEND = YES;
				ENABLE_TESTABILITY = YES;
				GCC_C_LANGUAGE_STANDARD = gnu11;
				GCC_DYNAMIC_NO_PIC = NO;
				GCC_NO_COMMON_BLOCKS = YES;
				GCC_OPTIMIZATION_LEVEL = 0;
				GCC_PREPROCESSOR_DEFINITIONS = (
					"DEBUG=1",
					"$(inherited)",
				);
				GCC_WARN_64_TO_32_BIT_CONVERSION = YES;
				GCC_WARN_ABOUT_RETURN_TYPE = YES_ERROR;
				GCC_WARN_UNDECLARED_SELECTOR = YES;
				GCC_WARN_UNINITIALIZED_AUTOS = YES_AGGRESSIVE;
				GCC_WARN_UNUSED_FUNCTION = YES;
				GCC_WARN_UNUSED_VARIABLE = YES;
				IPHONEOS_DEPLOYMENT_TARGET = 12.1;
				MTL_ENABLE_DEBUG_INFO = INCLUDE_SOURCE;
				MTL_FAST_MATH = YES;
				NEW_SETTING = "";
				ONLY_ACTIVE_ARCH = NO;
				SDKROOT = iphoneos;
				SWIFT_ACTIVE_COMPILATION_CONDITIONS = DEBUG;
				SWIFT_OPTIMIZATION_LEVEL = "-Onone";
				VERSIONING_SYSTEM = "apple-generic";
				VERSION_INFO_PREFIX = "";
			};
			name = Debug;
		};
		FD46F3EF21FB2597001C301E /* Release */ = {
			isa = XCBuildConfiguration;
			buildSettings = {
				ALWAYS_SEARCH_USER_PATHS = NO;
				CLANG_ANALYZER_NONNULL = YES;
				CLANG_ANALYZER_NUMBER_OBJECT_CONVERSION = YES_AGGRESSIVE;
				CLANG_CXX_LANGUAGE_STANDARD = "gnu++14";
				CLANG_CXX_LIBRARY = "libc++";
				CLANG_ENABLE_MODULES = YES;
				CLANG_ENABLE_OBJC_ARC = YES;
				CLANG_ENABLE_OBJC_WEAK = YES;
				CLANG_WARN_BLOCK_CAPTURE_AUTORELEASING = YES;
				CLANG_WARN_BOOL_CONVERSION = YES;
				CLANG_WARN_COMMA = YES;
				CLANG_WARN_CONSTANT_CONVERSION = YES;
				CLANG_WARN_DEPRECATED_OBJC_IMPLEMENTATIONS = YES;
				CLANG_WARN_DIRECT_OBJC_ISA_USAGE = YES_ERROR;
				CLANG_WARN_DOCUMENTATION_COMMENTS = YES;
				CLANG_WARN_EMPTY_BODY = YES;
				CLANG_WARN_ENUM_CONVERSION = YES;
				CLANG_WARN_INFINITE_RECURSION = YES;
				CLANG_WARN_INT_CONVERSION = YES;
				CLANG_WARN_NON_LITERAL_NULL_CONVERSION = YES;
				CLANG_WARN_OBJC_IMPLICIT_RETAIN_SELF = YES;
				CLANG_WARN_OBJC_LITERAL_CONVERSION = YES;
				CLANG_WARN_OBJC_ROOT_CLASS = YES_ERROR;
				CLANG_WARN_RANGE_LOOP_ANALYSIS = YES;
				CLANG_WARN_STRICT_PROTOTYPES = YES;
				CLANG_WARN_SUSPICIOUS_MOVE = YES;
				CLANG_WARN_UNGUARDED_AVAILABILITY = YES_AGGRESSIVE;
				CLANG_WARN_UNREACHABLE_CODE = YES;
				CLANG_WARN__DUPLICATE_METHOD_MATCH = YES;
				CODE_SIGN_IDENTITY = "iPhone Developer";
				COPY_PHASE_STRIP = NO;
				CURRENT_PROJECT_VERSION = 1;
				DEBUG_INFORMATION_FORMAT = "dwarf-with-dsym";
				ENABLE_NS_ASSERTIONS = NO;
				ENABLE_STRICT_OBJC_MSGSEND = YES;
				GCC_C_LANGUAGE_STANDARD = gnu11;
				GCC_NO_COMMON_BLOCKS = YES;
				GCC_WARN_64_TO_32_BIT_CONVERSION = YES;
				GCC_WARN_ABOUT_RETURN_TYPE = YES_ERROR;
				GCC_WARN_UNDECLARED_SELECTOR = YES;
				GCC_WARN_UNINITIALIZED_AUTOS = YES_AGGRESSIVE;
				GCC_WARN_UNUSED_FUNCTION = YES;
				GCC_WARN_UNUSED_VARIABLE = YES;
				IPHONEOS_DEPLOYMENT_TARGET = 12.1;
				MTL_ENABLE_DEBUG_INFO = NO;
				MTL_FAST_MATH = YES;
				NEW_SETTING = "";
				ONLY_ACTIVE_ARCH = NO;
				SDKROOT = iphoneos;
				SWIFT_COMPILATION_MODE = wholemodule;
				SWIFT_OPTIMIZATION_LEVEL = "-O";
				VALIDATE_PRODUCT = YES;
				VERSIONING_SYSTEM = "apple-generic";
				VERSION_INFO_PREFIX = "";
			};
			name = Release;
		};
		FD46F3F121FB2597001C301E /* Debug */ = {
			isa = XCBuildConfiguration;
			baseConfigurationReference = B06282DF765149DE94B4B827 /* Pods-PastelColorPalette.debug.xcconfig */;
			buildSettings = {
				CLANG_ENABLE_MODULES = YES;
				CODE_SIGN_IDENTITY = "";
				CODE_SIGN_STYLE = Automatic;
				DEFINES_MODULE = YES;
				DYLIB_COMPATIBILITY_VERSION = 1;
				DYLIB_CURRENT_VERSION = 1;
				DYLIB_INSTALL_NAME_BASE = "@rpath";
				INFOPLIST_FILE = PastelColorPalette/Info.plist;
				INSTALL_PATH = "$(LOCAL_LIBRARY_DIR)/Frameworks";
				IPHONEOS_DEPLOYMENT_TARGET = 11.0;
				LD_RUNPATH_SEARCH_PATHS = (
					"$(inherited)",
					"@executable_path/Frameworks",
					"@loader_path/Frameworks",
				);
				ONLY_ACTIVE_ARCH = NO;
				PRODUCT_BUNDLE_IDENTIFIER = com.joushitu.PastelColorPalette;
				PRODUCT_NAME = "$(TARGET_NAME:c99extidentifier)";
				SKIP_INSTALL = YES;
				SWIFT_OPTIMIZATION_LEVEL = "-Onone";
				SWIFT_VERSION = 4.2;
				TARGETED_DEVICE_FAMILY = "1,2";
			};
			name = Debug;
		};
		FD46F3F221FB2597001C301E /* Release */ = {
			isa = XCBuildConfiguration;
			baseConfigurationReference = 6858A1EFAC6A2E42312406F3 /* Pods-PastelColorPalette.release.xcconfig */;
			buildSettings = {
				CLANG_ENABLE_MODULES = YES;
				CODE_SIGN_IDENTITY = "";
				CODE_SIGN_STYLE = Automatic;
				DEFINES_MODULE = YES;
				DYLIB_COMPATIBILITY_VERSION = 1;
				DYLIB_CURRENT_VERSION = 1;
				DYLIB_INSTALL_NAME_BASE = "@rpath";
				INFOPLIST_FILE = PastelColorPalette/Info.plist;
				INSTALL_PATH = "$(LOCAL_LIBRARY_DIR)/Frameworks";
				IPHONEOS_DEPLOYMENT_TARGET = 11.0;
				LD_RUNPATH_SEARCH_PATHS = (
					"$(inherited)",
					"@executable_path/Frameworks",
					"@loader_path/Frameworks",
				);
				ONLY_ACTIVE_ARCH = NO;
				PRODUCT_BUNDLE_IDENTIFIER = com.joushitu.PastelColorPalette;
				PRODUCT_NAME = "$(TARGET_NAME:c99extidentifier)";
				SKIP_INSTALL = YES;
				SWIFT_VERSION = 4.2;
				TARGETED_DEVICE_FAMILY = "1,2";
			};
			name = Release;
		};
/* End XCBuildConfiguration section */

/* Begin XCConfigurationList section */
		FD46F3E221FB2597001C301E /* Build configuration list for PBXProject "PastelColorPalette" */ = {
			isa = XCConfigurationList;
			buildConfigurations = (
				FD46F3EE21FB2597001C301E /* Debug */,
				FD46F3EF21FB2597001C301E /* Release */,
			);
			defaultConfigurationIsVisible = 0;
			defaultConfigurationName = Release;
		};
		FD46F3F021FB2597001C301E /* Build configuration list for PBXNativeTarget "PastelColorPalette" */ = {
			isa = XCConfigurationList;
			buildConfigurations = (
				FD46F3F121FB2597001C301E /* Debug */,
				FD46F3F221FB2597001C301E /* Release */,
			);
			defaultConfigurationIsVisible = 0;
			defaultConfigurationName = Release;
		};
/* End XCConfigurationList section */
	};
	rootObject = FD46F3DF21FB2597001C301E /* Project object */;
}
